
Microsoft Visual Studio Solution File, Format Version 12.00
# Visual Studio Version 17
VisualStudioVersion = 17.0.31903.59
MinimumVisualStudioVersion = 10.0.40219.1
Project("{FAE04EC0-301F-11D3-BF4B-00C04F79EFBC}") = "Produtor", "Produtor\Produtor.csproj", "{8D7942EB-3729-44B8-B05D-03239ABF561F}"
EndProject
Project("{FAE04EC0-301F-11D3-BF4B-00C04F79EFBC}") = "Consumidor", "Consumidor\Consumidor.csproj", "{438FA231-69C1-45CC-B494-E1C7A1F3AD59}"
EndProject
Global
	GlobalSection(SolutionConfigurationPlatforms) = preSolution
		Debug|Any CPU = Debug|Any CPU
		Release|Any CPU = Release|Any CPU
	EndGlobalSection
	GlobalSection(SolutionProperties) = preSolution
		HideSolutionNode = FALSE
	EndGlobalSection
	GlobalSection(ProjectConfigurationPlatforms) = postSolution
		{8D7942EB-3729-44B8-B05D-03239ABF561F}.Debug|Any CPU.ActiveCfg = Debug|Any CPU
		{8D7942EB-3729-44B8-B05D-03239ABF561F}.Debug|Any CPU.Build.0 = Debug|Any CPU
		{8D7942EB-3729-44B8-B05D-03239ABF561F}.Release|Any CPU.ActiveCfg = Release|Any CPU
		{8D7942EB-3729-44B8-B05D-03239ABF561F}.Release|Any CPU.Build.0 = Release|Any CPU
		{438FA231-69C1-45CC-B494-E1C7A1F3AD59}.Debug|Any CPU.ActiveCfg = Debug|Any CPU
		{438FA231-69C1-45CC-B494-E1C7A1F3AD59}.Debug|Any CPU.Build.0 = Debug|Any CPU
		{438FA231-69C1-45CC-B494-E1C7A1F3AD59}.Release|Any CPU.ActiveCfg = Release|Any CPU
		{438FA231-69C1-45CC-B494-E1C7A1F3AD59}.Release|Any CPU.Build.0 = Release|Any CPU
	EndGlobalSection
EndGlobal
