
Microsoft Visual Studio Solution File, Format Version 12.00
# Visual Studio Version 16
VisualStudioVersion = 16.0.33130.400
MinimumVisualStudioVersion = 10.0.40219.1
Project("{FAE04EC0-301F-11D3-BF4B-00C04F79EFBC}") = "Produtor", "Produtor\Produtor.csproj", "{065B4F64-08D4-4E17-B692-292C7AC4FE18}"
EndProject
Project("{FAE04EC0-301F-11D3-BF4B-00C04F79EFBC}") = "Consumidor", "Consumidor\Consumidor.csproj", "{270AB4B4-ADF1-4BF5-9CD5-CC3EC3FB055E}"
EndProject
Global
	GlobalSection(SolutionConfigurationPlatforms) = preSolution
		Debug|Any CPU = Debug|Any CPU
		Release|Any CPU = Release|Any CPU
	EndGlobalSection
	GlobalSection(ProjectConfigurationPlatforms) = postSolution
		{065B4F64-08D4-4E17-B692-292C7AC4FE18}.Debug|Any CPU.ActiveCfg = Debug|Any CPU
		{065B4F64-08D4-4E17-B692-292C7AC4FE18}.Debug|Any CPU.Build.0 = Debug|Any CPU
		{065B4F64-08D4-4E17-B692-292C7AC4FE18}.Release|Any CPU.ActiveCfg = Release|Any CPU
		{065B4F64-08D4-4E17-B692-292C7AC4FE18}.Release|Any CPU.Build.0 = Release|Any CPU
		{270AB4B4-ADF1-4BF5-9CD5-CC3EC3FB055E}.Debug|Any CPU.ActiveCfg = Debug|Any CPU
		{270AB4B4-ADF1-4BF5-9CD5-CC3EC3FB055E}.Debug|Any CPU.Build.0 = Debug|Any CPU
		{270AB4B4-ADF1-4BF5-9CD5-CC3EC3FB055E}.Release|Any CPU.ActiveCfg = Release|Any CPU
		{270AB4B4-ADF1-4BF5-9CD5-CC3EC3FB055E}.Release|Any CPU.Build.0 = Release|Any CPU
	EndGlobalSection
	GlobalSection(SolutionProperties) = preSolution
		HideSolutionNode = FALSE
	EndGlobalSection
	GlobalSection(ExtensibilityGlobals) = postSolution
		SolutionGuid = {B7C7265B-89E8-43E3-AA29-1ACAEA1EB12A}
	EndGlobalSection
EndGlobal
